
Microsoft Visual Studio Solution File, Format Version 12.00
# Visual Studio Version 17
VisualStudioVersion = 17.1.32210.238
MinimumVisualStudioVersion = 10.0.40219.1
Project("{9A19103F-16F7-4668-BE54-9A1E7A4F7556}") = "UsersWebAPI", "UsersWebAPI\UsersWebAPI.csproj", "{6A5645BA-109D-4C5A-9105-75FCB60173DE}"
EndProject
Project("{2150E333-8FDC-42A3-9474-1A3956D46DE8}") = "src", "src", "{998FAD5B-EACD-457A-B065-64ECDED52079}"
EndProject
Project("{2150E333-8FDC-42A3-9474-1A3956D46DE8}") = "Application", "Application", "{FF8080D8-4B26-4560-B69A-426EE346CC7E}"
EndProject
Project("{2150E333-8FDC-42A3-9474-1A3956D46DE8}") = "Business", "Business", "{5EA9C002-5BFA-47BA-B8C8-EF3B7A0170D8}"
EndProject
Project("{2150E333-8FDC-42A3-9474-1A3956D46DE8}") = "Repository", "Repository", "{D53BFE36-695E-4925-BEA7-8F5542E8BAC1}"
EndProject
Project("{2150E333-8FDC-42A3-9474-1A3956D46DE8}") = "Domain", "Domain", "{B1C8EC14-A9C4-4131-A496-F00424B5CFE8}"
EndProject
Project("{9A19103F-16F7-4668-BE54-9A1E7A4F7556}") = "UserRepository", "UserRepository\UserRepository.csproj", "{F89A5543-A50A-42EC-BC85-00A6A1CB1F1B}"
EndProject
Project("{9A19103F-16F7-4668-BE54-9A1E7A4F7556}") = "UserDomain", "UserDomain\UserDomain.csproj", "{A00B2E2E-D5FE-4A7E-AC8E-693DFCE70CEA}"
EndProject
Project("{9A19103F-16F7-4668-BE54-9A1E7A4F7556}") = "UserBusiness", "UserBusiness\UserBusiness.csproj", "{6EFDA86B-D1A8-450B-B5C6-B8B896FA08D2}"
EndProject
Global
	GlobalSection(SolutionConfigurationPlatforms) = preSolution
		Debug|Any CPU = Debug|Any CPU
		Release|Any CPU = Release|Any CPU
	EndGlobalSection
	GlobalSection(ProjectConfigurationPlatforms) = postSolution
		{6A5645BA-109D-4C5A-9105-75FCB60173DE}.Debug|Any CPU.ActiveCfg = Debug|Any CPU
		{6A5645BA-109D-4C5A-9105-75FCB60173DE}.Debug|Any CPU.Build.0 = Debug|Any CPU
		{6A5645BA-109D-4C5A-9105-75FCB60173DE}.Release|Any CPU.ActiveCfg = Release|Any CPU
		{6A5645BA-109D-4C5A-9105-75FCB60173DE}.Release|Any CPU.Build.0 = Release|Any CPU
		{F89A5543-A50A-42EC-BC85-00A6A1CB1F1B}.Debug|Any CPU.ActiveCfg = Debug|Any CPU
		{F89A5543-A50A-42EC-BC85-00A6A1CB1F1B}.Debug|Any CPU.Build.0 = Debug|Any CPU
		{F89A5543-A50A-42EC-BC85-00A6A1CB1F1B}.Release|Any CPU.ActiveCfg = Release|Any CPU
		{F89A5543-A50A-42EC-BC85-00A6A1CB1F1B}.Release|Any CPU.Build.0 = Release|Any CPU
		{A00B2E2E-D5FE-4A7E-AC8E-693DFCE70CEA}.Debug|Any CPU.ActiveCfg = Debug|Any CPU
		{A00B2E2E-D5FE-4A7E-AC8E-693DFCE70CEA}.Debug|Any CPU.Build.0 = Debug|Any CPU
		{A00B2E2E-D5FE-4A7E-AC8E-693DFCE70CEA}.Release|Any CPU.ActiveCfg = Release|Any CPU
		{A00B2E2E-D5FE-4A7E-AC8E-693DFCE70CEA}.Release|Any CPU.Build.0 = Release|Any CPU
		{6EFDA86B-D1A8-450B-B5C6-B8B896FA08D2}.Debug|Any CPU.ActiveCfg = Debug|Any CPU
		{6EFDA86B-D1A8-450B-B5C6-B8B896FA08D2}.Debug|Any CPU.Build.0 = Debug|Any CPU
		{6EFDA86B-D1A8-450B-B5C6-B8B896FA08D2}.Release|Any CPU.ActiveCfg = Release|Any CPU
		{6EFDA86B-D1A8-450B-B5C6-B8B896FA08D2}.Release|Any CPU.Build.0 = Release|Any CPU
	EndGlobalSection
	GlobalSection(SolutionProperties) = preSolution
		HideSolutionNode = FALSE
	EndGlobalSection
	GlobalSection(NestedProjects) = preSolution
		{6A5645BA-109D-4C5A-9105-75FCB60173DE} = {FF8080D8-4B26-4560-B69A-426EE346CC7E}
		{FF8080D8-4B26-4560-B69A-426EE346CC7E} = {998FAD5B-EACD-457A-B065-64ECDED52079}
		{5EA9C002-5BFA-47BA-B8C8-EF3B7A0170D8} = {998FAD5B-EACD-457A-B065-64ECDED52079}
		{D53BFE36-695E-4925-BEA7-8F5542E8BAC1} = {998FAD5B-EACD-457A-B065-64ECDED52079}
		{B1C8EC14-A9C4-4131-A496-F00424B5CFE8} = {998FAD5B-EACD-457A-B065-64ECDED52079}
		{F89A5543-A50A-42EC-BC85-00A6A1CB1F1B} = {D53BFE36-695E-4925-BEA7-8F5542E8BAC1}
		{A00B2E2E-D5FE-4A7E-AC8E-693DFCE70CEA} = {B1C8EC14-A9C4-4131-A496-F00424B5CFE8}
		{6EFDA86B-D1A8-450B-B5C6-B8B896FA08D2} = {5EA9C002-5BFA-47BA-B8C8-EF3B7A0170D8}
	EndGlobalSection
	GlobalSection(ExtensibilityGlobals) = postSolution
		SolutionGuid = {DA7986D0-9AE8-49DA-BAE5-68F711FFF527}
	EndGlobalSection
EndGlobal
